
Microsoft Visual Studio Solution File, Format Version 12.00
# Visual Studio Version 17
VisualStudioVersion = 17.3.32922.545
MinimumVisualStudioVersion = 10.0.40219.1
Project("{FAE04EC0-301F-11D3-BF4B-00C04F79EFBC}") = "calculater_T", "calculater_T\calculater_T.csproj", "{EFF5A065-DD48-4FB2-B1EB-AF1C522541D0}"
EndProject
Global
	GlobalSection(SolutionConfigurationPlatforms) = preSolution
		Debug|Any CPU = Debug|Any CPU
		Release|Any CPU = Release|Any CPU
	EndGlobalSection
	GlobalSection(ProjectConfigurationPlatforms) = postSolution
		{EFF5A065-DD48-4FB2-B1EB-AF1C522541D0}.Debug|Any CPU.ActiveCfg = Debug|Any CPU
		{EFF5A065-DD48-4FB2-B1EB-AF1C522541D0}.Debug|Any CPU.Build.0 = Debug|Any CPU
		{EFF5A065-DD48-4FB2-B1EB-AF1C522541D0}.Release|Any CPU.ActiveCfg = Release|Any CPU
		{EFF5A065-DD48-4FB2-B1EB-AF1C522541D0}.Release|Any CPU.Build.0 = Release|Any CPU
	EndGlobalSection
	GlobalSection(SolutionProperties) = preSolution
		HideSolutionNode = FALSE
	EndGlobalSection
	GlobalSection(ExtensibilityGlobals) = postSolution
		SolutionGuid = {7020726B-8439-447A-ADE0-6111D42FC8F8}
	EndGlobalSection
EndGlobal
